// !$*UTF8*$!
{
	archiveVersion = 1;
	classes = {
	};
	objectVersion = 56;
	objects = {

/* Begin PBXBuildFile section */
		8325931D2BC24A2900C52239 /* alarmApp.swift in Sources */ = {isa = PBXBuildFile; fileRef = 8325931C2BC24A2900C52239 /* alarmApp.swift */; };
		8325931F2BC24A2900C52239 /* ContentView.swift in Sources */ = {isa = PBXBuildFile; fileRef = 8325931E2BC24A2900C52239 /* ContentView.swift */; };
		832593212BC24A2A00C52239 /* Assets.xcassets in Resources */ = {isa = PBXBuildFile; fileRef = 832593202BC24A2A00C52239 /* Assets.xcassets */; };
		832593242BC24A2A00C52239 /* Preview Assets.xcassets in Resources */ = {isa = PBXBuildFile; fileRef = 832593232BC24A2A00C52239 /* Preview Assets.xcassets */; };
		8325932E2BC24A2A00C52239 /* alarmTests.swift in Sources */ = {isa = PBXBuildFile; fileRef = 8325932D2BC24A2A00C52239 /* alarmTests.swift */; };
		832593382BC24A2A00C52239 /* alarmUITests.swift in Sources */ = {isa = PBXBuildFile; fileRef = 832593372BC24A2A00C52239 /* alarmUITests.swift */; };
		8325933A2BC24A2A00C52239 /* alarmUITestsLaunchTests.swift in Sources */ = {isa = PBXBuildFile; fileRef = 832593392BC24A2A00C52239 /* alarmUITestsLaunchTests.swift */; };
		832593482BC24D9D00C52239 /* PlaySound.swift in Sources */ = {isa = PBXBuildFile; fileRef = 832593472BC24D9D00C52239 /* PlaySound.swift */; };
		8325934B2BC2520300C52239 /* test-sound.mp3 in Resources */ = {isa = PBXBuildFile; fileRef = 8325934A2BC2520300C52239 /* test-sound.mp3 */; };
		832593532BC2824E00C52239 /* PlayingView.swift in Sources */ = {isa = PBXBuildFile; fileRef = 832593522BC2824E00C52239 /* PlayingView.swift */; };
		832593562BC2857400C52239 /* ListView.swift in Sources */ = {isa = PBXBuildFile; fileRef = 832593552BC2857400C52239 /* ListView.swift */; };
		8325935B2BC288A500C52239 /* ItemView.swift in Sources */ = {isa = PBXBuildFile; fileRef = 8325935A2BC288A500C52239 /* ItemView.swift */; };
		832593612BC505B100C52239 /* AlarmModels.swift in Sources */ = {isa = PBXBuildFile; fileRef = 832593602BC505B100C52239 /* AlarmModels.swift */; };
		832593642BC627DD00C52239 /* WeekDayConverter.swift in Sources */ = {isa = PBXBuildFile; fileRef = 832593632BC627DD00C52239 /* WeekDayConverter.swift */; };
		832593682BC76A9500C52239 /* EditView.swift in Sources */ = {isa = PBXBuildFile; fileRef = 832593672BC76A9500C52239 /* EditView.swift */; };
		8325936A2BC76AA200C52239 /* CreateView.swift in Sources */ = {isa = PBXBuildFile; fileRef = 832593692BC76AA200C52239 /* CreateView.swift */; };
/* End PBXBuildFile section */

/* Begin PBXContainerItemProxy section */
		8325932A2BC24A2A00C52239 /* PBXContainerItemProxy */ = {
			isa = PBXContainerItemProxy;
			containerPortal = 832593112BC24A2900C52239 /* Project object */;
			proxyType = 1;
			remoteGlobalIDString = 832593182BC24A2900C52239;
			remoteInfo = alarm;
		};
		832593342BC24A2A00C52239 /* PBXContainerItemProxy */ = {
			isa = PBXContainerItemProxy;
			containerPortal = 832593112BC24A2900C52239 /* Project object */;
			proxyType = 1;
			remoteGlobalIDString = 832593182BC24A2900C52239;
			remoteInfo = alarm;
		};
/* End PBXContainerItemProxy section */

/* Begin PBXFileReference section */
		832593192BC24A2900C52239 /* alarm.app */ = {isa = PBXFileReference; explicitFileType = wrapper.application; includeInIndex = 0; path = alarm.app; sourceTree = BUILT_PRODUCTS_DIR; };
		8325931C2BC24A2900C52239 /* alarmApp.swift */ = {isa = PBXFileReference; lastKnownFileType = sourcecode.swift; path = alarmApp.swift; sourceTree = "<group>"; };
		8325931E2BC24A2900C52239 /* ContentView.swift */ = {isa = PBXFileReference; lastKnownFileType = sourcecode.swift; path = ContentView.swift; sourceTree = "<group>"; };
		832593202BC24A2A00C52239 /* Assets.xcassets */ = {isa = PBXFileReference; lastKnownFileType = folder.assetcatalog; path = Assets.xcassets; sourceTree = "<group>"; };
		832593232BC24A2A00C52239 /* Preview Assets.xcassets */ = {isa = PBXFileReference; lastKnownFileType = folder.assetcatalog; path = "Preview Assets.xcassets"; sourceTree = "<group>"; };
		832593292BC24A2A00C52239 /* alarmTests.xctest */ = {isa = PBXFileReference; explicitFileType = wrapper.cfbundle; includeInIndex = 0; path = alarmTests.xctest; sourceTree = BUILT_PRODUCTS_DIR; };
		8325932D2BC24A2A00C52239 /* alarmTests.swift */ = {isa = PBXFileReference; lastKnownFileType = sourcecode.swift; path = alarmTests.swift; sourceTree = "<group>"; };
		832593332BC24A2A00C52239 /* alarmUITests.xctest */ = {isa = PBXFileReference; explicitFileType = wrapper.cfbundle; includeInIndex = 0; path = alarmUITests.xctest; sourceTree = BUILT_PRODUCTS_DIR; };
		832593372BC24A2A00C52239 /* alarmUITests.swift */ = {isa = PBXFileReference; lastKnownFileType = sourcecode.swift; path = alarmUITests.swift; sourceTree = "<group>"; };
		832593392BC24A2A00C52239 /* alarmUITestsLaunchTests.swift */ = {isa = PBXFileReference; lastKnownFileType = sourcecode.swift; path = alarmUITestsLaunchTests.swift; sourceTree = "<group>"; };
		832593472BC24D9D00C52239 /* PlaySound.swift */ = {isa = PBXFileReference; lastKnownFileType = sourcecode.swift; path = PlaySound.swift; sourceTree = "<group>"; };
		8325934A2BC2520300C52239 /* test-sound.mp3 */ = {isa = PBXFileReference; lastKnownFileType = audio.mp3; path = "test-sound.mp3"; sourceTree = "<group>"; };
		832593522BC2824E00C52239 /* PlayingView.swift */ = {isa = PBXFileReference; lastKnownFileType = sourcecode.swift; path = PlayingView.swift; sourceTree = "<group>"; };
		832593552BC2857400C52239 /* ListView.swift */ = {isa = PBXFileReference; lastKnownFileType = sourcecode.swift; path = ListView.swift; sourceTree = "<group>"; };
		8325935A2BC288A500C52239 /* ItemView.swift */ = {isa = PBXFileReference; lastKnownFileType = sourcecode.swift; path = ItemView.swift; sourceTree = "<group>"; };
		832593602BC505B100C52239 /* AlarmModels.swift */ = {isa = PBXFileReference; lastKnownFileType = sourcecode.swift; path = AlarmModels.swift; sourceTree = "<group>"; };
		832593632BC627DD00C52239 /* WeekDayConverter.swift */ = {isa = PBXFileReference; lastKnownFileType = sourcecode.swift; path = WeekDayConverter.swift; sourceTree = "<group>"; };
		832593672BC76A9500C52239 /* EditView.swift */ = {isa = PBXFileReference; lastKnownFileType = sourcecode.swift; path = EditView.swift; sourceTree = "<group>"; };
		832593692BC76AA200C52239 /* CreateView.swift */ = {isa = PBXFileReference; lastKnownFileType = sourcecode.swift; path = CreateView.swift; sourceTree = "<group>"; };
/* End PBXFileReference section */

/* Begin PBXFrameworksBuildPhase section */
		832593162BC24A2900C52239 /* Frameworks */ = {
			isa = PBXFrameworksBuildPhase;
			buildActionMask = 2147483647;
			files = (
			);
			runOnlyForDeploymentPostprocessing = 0;
		};
		832593262BC24A2A00C52239 /* Frameworks */ = {
			isa = PBXFrameworksBuildPhase;
			buildActionMask = 2147483647;
			files = (
			);
			runOnlyForDeploymentPostprocessing = 0;
		};
		832593302BC24A2A00C52239 /* Frameworks */ = {
			isa = PBXFrameworksBuildPhase;
			buildActionMask = 2147483647;
			files = (
			);
			runOnlyForDeploymentPostprocessing = 0;
		};
/* End PBXFrameworksBuildPhase section */

/* Begin PBXGroup section */
		832593102BC24A2900C52239 = {
			isa = PBXGroup;
			children = (
				8325931B2BC24A2900C52239 /* alarm */,
				8325932C2BC24A2A00C52239 /* alarmTests */,
				832593362BC24A2A00C52239 /* alarmUITests */,
				8325931A2BC24A2900C52239 /* Products */,
			);
			sourceTree = "<group>";
		};
		8325931A2BC24A2900C52239 /* Products */ = {
			isa = PBXGroup;
			children = (
				832593192BC24A2900C52239 /* alarm.app */,
				832593292BC24A2A00C52239 /* alarmTests.xctest */,
				832593332BC24A2A00C52239 /* alarmUITests.xctest */,
			);
			name = Products;
			sourceTree = "<group>";
		};
		8325931B2BC24A2900C52239 /* alarm */ = {
			isa = PBXGroup;
			children = (
				8325934C2BC2544500C52239 /* Features */,
				832593492BC251DF00C52239 /* Media */,
				832593462BC24D4400C52239 /* ExecuteAlarmViewModel */,
				8325931C2BC24A2900C52239 /* alarmApp.swift */,
				8325931E2BC24A2900C52239 /* ContentView.swift */,
				832593202BC24A2A00C52239 /* Assets.xcassets */,
				832593222BC24A2A00C52239 /* Preview Content */,
			);
			path = alarm;
			sourceTree = "<group>";
		};
		832593222BC24A2A00C52239 /* Preview Content */ = {
			isa = PBXGroup;
			children = (
				832593232BC24A2A00C52239 /* Preview Assets.xcassets */,
			);
			path = "Preview Content";
			sourceTree = "<group>";
		};
		8325932C2BC24A2A00C52239 /* alarmTests */ = {
			isa = PBXGroup;
			children = (
				8325932D2BC24A2A00C52239 /* alarmTests.swift */,
			);
			path = alarmTests;
			sourceTree = "<group>";
		};
		832593362BC24A2A00C52239 /* alarmUITests */ = {
			isa = PBXGroup;
			children = (
				832593372BC24A2A00C52239 /* alarmUITests.swift */,
				832593392BC24A2A00C52239 /* alarmUITestsLaunchTests.swift */,
			);
			path = alarmUITests;
			sourceTree = "<group>";
		};
		832593462BC24D4400C52239 /* ExecuteAlarmViewModel */ = {
			isa = PBXGroup;
			children = (
				832593472BC24D9D00C52239 /* PlaySound.swift */,
			);
			path = ExecuteAlarmViewModel;
			sourceTree = "<group>";
		};
		832593492BC251DF00C52239 /* Media */ = {
			isa = PBXGroup;
			children = (
				8325934A2BC2520300C52239 /* test-sound.mp3 */,
			);
			path = Media;
			sourceTree = "<group>";
		};
		8325934C2BC2544500C52239 /* Features */ = {
			isa = PBXGroup;
			children = (
				832593512BC2552000C52239 /* Playing */,
				832593502BC2549C00C52239 /* Shared */,
				8325934F2BC2547F00C52239 /* Form */,
				8325934E2BC2546300C52239 /* List */,
			);
			path = Features;
			sourceTree = "<group>";
		};
		8325934E2BC2546300C52239 /* List */ = {
			isa = PBXGroup;
			children = (
				8325935D2BC288CC00C52239 /* Item */,
				832593552BC2857400C52239 /* ListView.swift */,
			);
			path = List;
			sourceTree = "<group>";
		};
		8325934F2BC2547F00C52239 /* Form */ = {
			isa = PBXGroup;
			children = (
				832593662BC76A7B00C52239 /* Create */,
				832593652BC76A7300C52239 /* Edit */,
			);
			path = Form;
			sourceTree = "<group>";
		};
		832593502BC2549C00C52239 /* Shared */ = {
			isa = PBXGroup;
			children = (
				832593622BC627AC00C52239 /* Utils */,
				832593602BC505B100C52239 /* AlarmModels.swift */,
			);
			path = Shared;
			sourceTree = "<group>";
		};
		832593512BC2552000C52239 /* Playing */ = {
			isa = PBXGroup;
			children = (
				832593522BC2824E00C52239 /* PlayingView.swift */,
			);
			path = Playing;
			sourceTree = "<group>";
		};
		8325935D2BC288CC00C52239 /* Item */ = {
			isa = PBXGroup;
			children = (
				8325935A2BC288A500C52239 /* ItemView.swift */,
			);
			path = Item;
			sourceTree = "<group>";
		};
		832593622BC627AC00C52239 /* Utils */ = {
			isa = PBXGroup;
			children = (
				832593632BC627DD00C52239 /* WeekDayConverter.swift */,
			);
			path = Utils;
			sourceTree = "<group>";
		};
		832593652BC76A7300C52239 /* Edit */ = {
			isa = PBXGroup;
			children = (
				832593672BC76A9500C52239 /* EditView.swift */,
			);
			path = Edit;
			sourceTree = "<group>";
		};
		832593662BC76A7B00C52239 /* Create */ = {
			isa = PBXGroup;
			children = (
				832593692BC76AA200C52239 /* CreateView.swift */,
			);
			path = Create;
			sourceTree = "<group>";
		};
/* End PBXGroup section */

/* Begin PBXNativeTarget section */
		832593182BC24A2900C52239 /* alarm */ = {
			isa = PBXNativeTarget;
			buildConfigurationList = 8325933D2BC24A2A00C52239 /* Build configuration list for PBXNativeTarget "alarm" */;
			buildPhases = (
				832593152BC24A2900C52239 /* Sources */,
				832593162BC24A2900C52239 /* Frameworks */,
				832593172BC24A2900C52239 /* Resources */,
			);
			buildRules = (
			);
			dependencies = (
			);
			name = alarm;
			productName = alarm;
			productReference = 832593192BC24A2900C52239 /* alarm.app */;
			productType = "com.apple.product-type.application";
		};
		832593282BC24A2A00C52239 /* alarmTests */ = {
			isa = PBXNativeTarget;
			buildConfigurationList = 832593402BC24A2A00C52239 /* Build configuration list for PBXNativeTarget "alarmTests" */;
			buildPhases = (
				832593252BC24A2A00C52239 /* Sources */,
				832593262BC24A2A00C52239 /* Frameworks */,
				832593272BC24A2A00C52239 /* Resources */,
			);
			buildRules = (
			);
			dependencies = (
				8325932B2BC24A2A00C52239 /* PBXTargetDependency */,
			);
			name = alarmTests;
			productName = alarmTests;
			productReference = 832593292BC24A2A00C52239 /* alarmTests.xctest */;
			productType = "com.apple.product-type.bundle.unit-test";
		};
		832593322BC24A2A00C52239 /* alarmUITests */ = {
			isa = PBXNativeTarget;
			buildConfigurationList = 832593432BC24A2A00C52239 /* Build configuration list for PBXNativeTarget "alarmUITests" */;
			buildPhases = (
				8325932F2BC24A2A00C52239 /* Sources */,
				832593302BC24A2A00C52239 /* Frameworks */,
				832593312BC24A2A00C52239 /* Resources */,
			);
			buildRules = (
			);
			dependencies = (
				832593352BC24A2A00C52239 /* PBXTargetDependency */,
			);
			name = alarmUITests;
			productName = alarmUITests;
			productReference = 832593332BC24A2A00C52239 /* alarmUITests.xctest */;
			productType = "com.apple.product-type.bundle.ui-testing";
		};
/* End PBXNativeTarget section */

/* Begin PBXProject section */
		832593112BC24A2900C52239 /* Project object */ = {
			isa = PBXProject;
			attributes = {
				BuildIndependentTargetsInParallel = 1;
				LastSwiftUpdateCheck = 1500;
				LastUpgradeCheck = 1500;
				TargetAttributes = {
					832593182BC24A2900C52239 = {
						CreatedOnToolsVersion = 15.0.1;
					};
					832593282BC24A2A00C52239 = {
						CreatedOnToolsVersion = 15.0.1;
						TestTargetID = 832593182BC24A2900C52239;
					};
					832593322BC24A2A00C52239 = {
						CreatedOnToolsVersion = 15.0.1;
						TestTargetID = 832593182BC24A2900C52239;
					};
				};
			};
			buildConfigurationList = 832593142BC24A2900C52239 /* Build configuration list for PBXProject "alarm" */;
			compatibilityVersion = "Xcode 14.0";
			developmentRegion = en;
			hasScannedForEncodings = 0;
			knownRegions = (
				en,
				Base,
			);
			mainGroup = 832593102BC24A2900C52239;
			productRefGroup = 8325931A2BC24A2900C52239 /* Products */;
			projectDirPath = "";
			projectRoot = "";
			targets = (
				832593182BC24A2900C52239 /* alarm */,
				832593282BC24A2A00C52239 /* alarmTests */,
				832593322BC24A2A00C52239 /* alarmUITests */,
			);
		};
/* End PBXProject section */

/* Begin PBXResourcesBuildPhase section */
		832593172BC24A2900C52239 /* Resources */ = {
			isa = PBXResourcesBuildPhase;
			buildActionMask = 2147483647;
			files = (
				832593242BC24A2A00C52239 /* Preview Assets.xcassets in Resources */,
				832593212BC24A2A00C52239 /* Assets.xcassets in Resources */,
				8325934B2BC2520300C52239 /* test-sound.mp3 in Resources */,
			);
			runOnlyForDeploymentPostprocessing = 0;
		};
		832593272BC24A2A00C52239 /* Resources */ = {
			isa = PBXResourcesBuildPhase;
			buildActionMask = 2147483647;
			files = (
			);
			runOnlyForDeploymentPostprocessing = 0;
		};
		832593312BC24A2A00C52239 /* Resources */ = {
			isa = PBXResourcesBuildPhase;
			buildActionMask = 2147483647;
			files = (
			);
			runOnlyForDeploymentPostprocessing = 0;
		};
/* End PBXResourcesBuildPhase section */

/* Begin PBXSourcesBuildPhase section */
		832593152BC24A2900C52239 /* Sources */ = {
			isa = PBXSourcesBuildPhase;
			buildActionMask = 2147483647;
			files = (
				832593612BC505B100C52239 /* AlarmModels.swift in Sources */,
				8325931F2BC24A2900C52239 /* ContentView.swift in Sources */,
				832593562BC2857400C52239 /* ListView.swift in Sources */,
				832593642BC627DD00C52239 /* WeekDayConverter.swift in Sources */,
				8325936A2BC76AA200C52239 /* CreateView.swift in Sources */,
				832593482BC24D9D00C52239 /* PlaySound.swift in Sources */,
				832593682BC76A9500C52239 /* EditView.swift in Sources */,
				8325931D2BC24A2900C52239 /* alarmApp.swift in Sources */,
				8325935B2BC288A500C52239 /* ItemView.swift in Sources */,
				832593532BC2824E00C52239 /* PlayingView.swift in Sources */,
			);
			runOnlyForDeploymentPostprocessing = 0;
		};
		832593252BC24A2A00C52239 /* Sources */ = {
			isa = PBXSourcesBuildPhase;
			buildActionMask = 2147483647;
			files = (
				8325932E2BC24A2A00C52239 /* alarmTests.swift in Sources */,
			);
			runOnlyForDeploymentPostprocessing = 0;
		};
		8325932F2BC24A2A00C52239 /* Sources */ = {
			isa = PBXSourcesBuildPhase;
			buildActionMask = 2147483647;
			files = (
				8325933A2BC24A2A00C52239 /* alarmUITestsLaunchTests.swift in Sources */,
				832593382BC24A2A00C52239 /* alarmUITests.swift in Sources */,
			);
			runOnlyForDeploymentPostprocessing = 0;
		};
/* End PBXSourcesBuildPhase section */

/* Begin PBXTargetDependency section */
		8325932B2BC24A2A00C52239 /* PBXTargetDependency */ = {
			isa = PBXTargetDependency;
			target = 832593182BC24A2900C52239 /* alarm */;
			targetProxy = 8325932A2BC24A2A00C52239 /* PBXContainerItemProxy */;
		};
		832593352BC24A2A00C52239 /* PBXTargetDependency */ = {
			isa = PBXTargetDependency;
			target = 832593182BC24A2900C52239 /* alarm */;
			targetProxy = 832593342BC24A2A00C52239 /* PBXContainerItemProxy */;
		};
/* End PBXTargetDependency section */

/* Begin XCBuildConfiguration section */
		8325933B2BC24A2A00C52239 /* Debug */ = {
			isa = XCBuildConfiguration;
			buildSettings = {
				ALWAYS_SEARCH_USER_PATHS = NO;
				ASSETCATALOG_COMPILER_GENERATE_SWIFT_ASSET_SYMBOL_EXTENSIONS = YES;
				CLANG_ANALYZER_NONNULL = YES;
				CLANG_ANALYZER_NUMBER_OBJECT_CONVERSION = YES_AGGRESSIVE;
				CLANG_CXX_LANGUAGE_STANDARD = "gnu++20";
				CLANG_ENABLE_MODULES = YES;
				CLANG_ENABLE_OBJC_ARC = YES;
				CLANG_ENABLE_OBJC_WEAK = YES;
				CLANG_WARN_BLOCK_CAPTURE_AUTORELEASING = YES;
				CLANG_WARN_BOOL_CONVERSION = YES;
				CLANG_WARN_COMMA = YES;
				CLANG_WARN_CONSTANT_CONVERSION = YES;
				CLANG_WARN_DEPRECATED_OBJC_IMPLEMENTATIONS = YES;
				CLANG_WARN_DIRECT_OBJC_ISA_USAGE = YES_ERROR;
				CLANG_WARN_DOCUMENTATION_COMMENTS = YES;
				CLANG_WARN_EMPTY_BODY = YES;
				CLANG_WARN_ENUM_CONVERSION = YES;
				CLANG_WARN_INFINITE_RECURSION = YES;
				CLANG_WARN_INT_CONVERSION = YES;
				CLANG_WARN_NON_LITERAL_NULL_CONVERSION = YES;
				CLANG_WARN_OBJC_IMPLICIT_RETAIN_SELF = YES;
				CLANG_WARN_OBJC_LITERAL_CONVERSION = YES;
				CLANG_WARN_OBJC_ROOT_CLASS = YES_ERROR;
				CLANG_WARN_QUOTED_INCLUDE_IN_FRAMEWORK_HEADER = YES;
				CLANG_WARN_RANGE_LOOP_ANALYSIS = YES;
				CLANG_WARN_STRICT_PROTOTYPES = YES;
				CLANG_WARN_SUSPICIOUS_MOVE = YES;
				CLANG_WARN_UNGUARDED_AVAILABILITY = YES_AGGRESSIVE;
				CLANG_WARN_UNREACHABLE_CODE = YES;
				CLANG_WARN__DUPLICATE_METHOD_MATCH = YES;
				COPY_PHASE_STRIP = NO;
				DEBUG_INFORMATION_FORMAT = dwarf;
				ENABLE_STRICT_OBJC_MSGSEND = YES;
				ENABLE_TESTABILITY = YES;
				ENABLE_USER_SCRIPT_SANDBOXING = YES;
				GCC_C_LANGUAGE_STANDARD = gnu17;
				GCC_DYNAMIC_NO_PIC = NO;
				GCC_NO_COMMON_BLOCKS = YES;
				GCC_OPTIMIZATION_LEVEL = 0;
				GCC_PREPROCESSOR_DEFINITIONS = (
					"DEBUG=1",
					"$(inherited)",
				);
				GCC_WARN_64_TO_32_BIT_CONVERSION = YES;
				GCC_WARN_ABOUT_RETURN_TYPE = YES_ERROR;
				GCC_WARN_UNDECLARED_SELECTOR = YES;
				GCC_WARN_UNINITIALIZED_AUTOS = YES_AGGRESSIVE;
				GCC_WARN_UNUSED_FUNCTION = YES;
				GCC_WARN_UNUSED_VARIABLE = YES;
				IPHONEOS_DEPLOYMENT_TARGET = 17.0;
				LOCALIZATION_PREFERS_STRING_CATALOGS = YES;
				MTL_ENABLE_DEBUG_INFO = INCLUDE_SOURCE;
				MTL_FAST_MATH = YES;
				ONLY_ACTIVE_ARCH = YES;
				SDKROOT = iphoneos;
				SWIFT_ACTIVE_COMPILATION_CONDITIONS = "DEBUG $(inherited)";
				SWIFT_OPTIMIZATION_LEVEL = "-Onone";
			};
			name = Debug;
		};
		8325933C2BC24A2A00C52239 /* Release */ = {
			isa = XCBuildConfiguration;
			buildSettings = {
				ALWAYS_SEARCH_USER_PATHS = NO;
				ASSETCATALOG_COMPILER_GENERATE_SWIFT_ASSET_SYMBOL_EXTENSIONS = YES;
				CLANG_ANALYZER_NONNULL = YES;
				CLANG_ANALYZER_NUMBER_OBJECT_CONVERSION = YES_AGGRESSIVE;
				CLANG_CXX_LANGUAGE_STANDARD = "gnu++20";
				CLANG_ENABLE_MODULES = YES;
				CLANG_ENABLE_OBJC_ARC = YES;
				CLANG_ENABLE_OBJC_WEAK = YES;
				CLANG_WARN_BLOCK_CAPTURE_AUTORELEASING = YES;
				CLANG_WARN_BOOL_CONVERSION = YES;
				CLANG_WARN_COMMA = YES;
				CLANG_WARN_CONSTANT_CONVERSION = YES;
				CLANG_WARN_DEPRECATED_OBJC_IMPLEMENTATIONS = YES;
				CLANG_WARN_DIRECT_OBJC_ISA_USAGE = YES_ERROR;
				CLANG_WARN_DOCUMENTATION_COMMENTS = YES;
				CLANG_WARN_EMPTY_BODY = YES;
				CLANG_WARN_ENUM_CONVERSION = YES;
				CLANG_WARN_INFINITE_RECURSION = YES;
				CLANG_WARN_INT_CONVERSION = YES;
				CLANG_WARN_NON_LITERAL_NULL_CONVERSION = YES;
				CLANG_WARN_OBJC_IMPLICIT_RETAIN_SELF = YES;
				CLANG_WARN_OBJC_LITERAL_CONVERSION = YES;
				CLANG_WARN_OBJC_ROOT_CLASS = YES_ERROR;
				CLANG_WARN_QUOTED_INCLUDE_IN_FRAMEWORK_HEADER = YES;
				CLANG_WARN_RANGE_LOOP_ANALYSIS = YES;
				CLANG_WARN_STRICT_PROTOTYPES = YES;
				CLANG_WARN_SUSPICIOUS_MOVE = YES;
				CLANG_WARN_UNGUARDED_AVAILABILITY = YES_AGGRESSIVE;
				CLANG_WARN_UNREACHABLE_CODE = YES;
				CLANG_WARN__DUPLICATE_METHOD_MATCH = YES;
				COPY_PHASE_STRIP = NO;
				DEBUG_INFORMATION_FORMAT = "dwarf-with-dsym";
				ENABLE_NS_ASSERTIONS = NO;
				ENABLE_STRICT_OBJC_MSGSEND = YES;
				ENABLE_USER_SCRIPT_SANDBOXING = YES;
				GCC_C_LANGUAGE_STANDARD = gnu17;
				GCC_NO_COMMON_BLOCKS = YES;
				GCC_WARN_64_TO_32_BIT_CONVERSION = YES;
				GCC_WARN_ABOUT_RETURN_TYPE = YES_ERROR;
				GCC_WARN_UNDECLARED_SELECTOR = YES;
				GCC_WARN_UNINITIALIZED_AUTOS = YES_AGGRESSIVE;
				GCC_WARN_UNUSED_FUNCTION = YES;
				GCC_WARN_UNUSED_VARIABLE = YES;
				IPHONEOS_DEPLOYMENT_TARGET = 17.0;
				LOCALIZATION_PREFERS_STRING_CATALOGS = YES;
				MTL_ENABLE_DEBUG_INFO = NO;
				MTL_FAST_MATH = YES;
				SDKROOT = iphoneos;
				SWIFT_COMPILATION_MODE = wholemodule;
				VALIDATE_PRODUCT = YES;
			};
			name = Release;
		};
		8325933E2BC24A2A00C52239 /* Debug */ = {
			isa = XCBuildConfiguration;
			buildSettings = {
				ASSETCATALOG_COMPILER_APPICON_NAME = AppIcon;
				ASSETCATALOG_COMPILER_GLOBAL_ACCENT_COLOR_NAME = AccentColor;
				CODE_SIGN_STYLE = Automatic;
				CURRENT_PROJECT_VERSION = 1;
				DEVELOPMENT_ASSET_PATHS = "\"alarm/Preview Content\"";
				DEVELOPMENT_TEAM = A9Y4N47G6G;
				ENABLE_PREVIEWS = YES;
				GENERATE_INFOPLIST_FILE = YES;
				INFOPLIST_KEY_UIApplicationSceneManifest_Generation = YES;
				INFOPLIST_KEY_UIApplicationSupportsIndirectInputEvents = YES;
				INFOPLIST_KEY_UILaunchScreen_Generation = YES;
				INFOPLIST_KEY_UISupportedInterfaceOrientations_iPad = "UIInterfaceOrientationPortrait UIInterfaceOrientationPortraitUpsideDown UIInterfaceOrientationLandscapeLeft UIInterfaceOrientationLandscapeRight";
				INFOPLIST_KEY_UISupportedInterfaceOrientations_iPhone = "UIInterfaceOrientationPortrait UIInterfaceOrientationLandscapeLeft UIInterfaceOrientationLandscapeRight";
				LD_RUNPATH_SEARCH_PATHS = (
					"$(inherited)",
					"@executable_path/Frameworks",
				);
				MARKETING_VERSION = 1.0;
				PRODUCT_BUNDLE_IDENTIFIER = com.upset.alarm;
				PRODUCT_NAME = "$(TARGET_NAME)";
				SWIFT_EMIT_LOC_STRINGS = YES;
				SWIFT_VERSION = 5.0;
				TARGETED_DEVICE_FAMILY = "1,2";
			};
			name = Debug;
		};
		8325933F2BC24A2A00C52239 /* Release */ = {
			isa = XCBuildConfiguration;
			buildSettings = {
				ASSETCATALOG_COMPILER_APPICON_NAME = AppIcon;
				ASSETCATALOG_COMPILER_GLOBAL_ACCENT_COLOR_NAME = AccentColor;
				CODE_SIGN_STYLE = Automatic;
				CURRENT_PROJECT_VERSION = 1;
				DEVELOPMENT_ASSET_PATHS = "\"alarm/Preview Content\"";
				DEVELOPMENT_TEAM = A9Y4N47G6G;
				ENABLE_PREVIEWS = YES;
				GENERATE_INFOPLIST_FILE = YES;
				INFOPLIST_KEY_UIApplicationSceneManifest_Generation = YES;
				INFOPLIST_KEY_UIApplicationSupportsIndirectInputEvents = YES;
				INFOPLIST_KEY_UILaunchScreen_Generation = YES;
				INFOPLIST_KEY_UISupportedInterfaceOrientations_iPad = "UIInterfaceOrientationPortrait UIInterfaceOrientationPortraitUpsideDown UIInterfaceOrientationLandscapeLeft UIInterfaceOrientationLandscapeRight";
				INFOPLIST_KEY_UISupportedInterfaceOrientations_iPhone = "UIInterfaceOrientationPortrait UIInterfaceOrientationLandscapeLeft UIInterfaceOrientationLandscapeRight";
				LD_RUNPATH_SEARCH_PATHS = (
					"$(inherited)",
					"@executable_path/Frameworks",
				);
				MARKETING_VERSION = 1.0;
				PRODUCT_BUNDLE_IDENTIFIER = com.upset.alarm;
				PRODUCT_NAME = "$(TARGET_NAME)";
				SWIFT_EMIT_LOC_STRINGS = YES;
				SWIFT_VERSION = 5.0;
				TARGETED_DEVICE_FAMILY = "1,2";
			};
			name = Release;
		};
		832593412BC24A2A00C52239 /* Debug */ = {
			isa = XCBuildConfiguration;
			buildSettings = {
				ALWAYS_EMBED_SWIFT_STANDARD_LIBRARIES = YES;
				BUNDLE_LOADER = "$(TEST_HOST)";
				CODE_SIGN_STYLE = Automatic;
				CURRENT_PROJECT_VERSION = 1;
				DEVELOPMENT_TEAM = A9Y4N47G6G;
				GENERATE_INFOPLIST_FILE = YES;
				IPHONEOS_DEPLOYMENT_TARGET = 17.0;
				MARKETING_VERSION = 1.0;
				PRODUCT_BUNDLE_IDENTIFIER = com.upset.alarmTests;
				PRODUCT_NAME = "$(TARGET_NAME)";
				SWIFT_EMIT_LOC_STRINGS = NO;
				SWIFT_VERSION = 5.0;
				TARGETED_DEVICE_FAMILY = "1,2";
				TEST_HOST = "$(BUILT_PRODUCTS_DIR)/alarm.app/$(BUNDLE_EXECUTABLE_FOLDER_PATH)/alarm";
			};
			name = Debug;
		};
		832593422BC24A2A00C52239 /* Release */ = {
			isa = XCBuildConfiguration;
			buildSettings = {
				ALWAYS_EMBED_SWIFT_STANDARD_LIBRARIES = YES;
				BUNDLE_LOADER = "$(TEST_HOST)";
				CODE_SIGN_STYLE = Automatic;
				CURRENT_PROJECT_VERSION = 1;
				DEVELOPMENT_TEAM = A9Y4N47G6G;
				GENERATE_INFOPLIST_FILE = YES;
				IPHONEOS_DEPLOYMENT_TARGET = 17.0;
				MARKETING_VERSION = 1.0;
				PRODUCT_BUNDLE_IDENTIFIER = com.upset.alarmTests;
				PRODUCT_NAME = "$(TARGET_NAME)";
				SWIFT_EMIT_LOC_STRINGS = NO;
				SWIFT_VERSION = 5.0;
				TARGETED_DEVICE_FAMILY = "1,2";
				TEST_HOST = "$(BUILT_PRODUCTS_DIR)/alarm.app/$(BUNDLE_EXECUTABLE_FOLDER_PATH)/alarm";
			};
			name = Release;
		};
		832593442BC24A2A00C52239 /* Debug */ = {
			isa = XCBuildConfiguration;
			buildSettings = {
				ALWAYS_EMBED_SWIFT_STANDARD_LIBRARIES = YES;
				CODE_SIGN_STYLE = Automatic;
				CURRENT_PROJECT_VERSION = 1;
				DEVELOPMENT_TEAM = A9Y4N47G6G;
				GENERATE_INFOPLIST_FILE = YES;
				MARKETING_VERSION = 1.0;
				PRODUCT_BUNDLE_IDENTIFIER = com.upset.alarmUITests;
				PRODUCT_NAME = "$(TARGET_NAME)";
				SWIFT_EMIT_LOC_STRINGS = NO;
				SWIFT_VERSION = 5.0;
				TARGETED_DEVICE_FAMILY = "1,2";
				TEST_TARGET_NAME = alarm;
			};
			name = Debug;
		};
		832593452BC24A2A00C52239 /* Release */ = {
			isa = XCBuildConfiguration;
			buildSettings = {
				ALWAYS_EMBED_SWIFT_STANDARD_LIBRARIES = YES;
				CODE_SIGN_STYLE = Automatic;
				CURRENT_PROJECT_VERSION = 1;
				DEVELOPMENT_TEAM = A9Y4N47G6G;
				GENERATE_INFOPLIST_FILE = YES;
				MARKETING_VERSION = 1.0;
				PRODUCT_BUNDLE_IDENTIFIER = com.upset.alarmUITests;
				PRODUCT_NAME = "$(TARGET_NAME)";
				SWIFT_EMIT_LOC_STRINGS = NO;
				SWIFT_VERSION = 5.0;
				TARGETED_DEVICE_FAMILY = "1,2";
				TEST_TARGET_NAME = alarm;
			};
			name = Release;
		};
/* End XCBuildConfiguration section */

/* Begin XCConfigurationList section */
		832593142BC24A2900C52239 /* Build configuration list for PBXProject "alarm" */ = {
			isa = XCConfigurationList;
			buildConfigurations = (
				8325933B2BC24A2A00C52239 /* Debug */,
				8325933C2BC24A2A00C52239 /* Release */,
			);
			defaultConfigurationIsVisible = 0;
			defaultConfigurationName = Release;
		};
		8325933D2BC24A2A00C52239 /* Build configuration list for PBXNativeTarget "alarm" */ = {
			isa = XCConfigurationList;
			buildConfigurations = (
				8325933E2BC24A2A00C52239 /* Debug */,
				8325933F2BC24A2A00C52239 /* Release */,
			);
			defaultConfigurationIsVisible = 0;
			defaultConfigurationName = Release;
		};
		832593402BC24A2A00C52239 /* Build configuration list for PBXNativeTarget "alarmTests" */ = {
			isa = XCConfigurationList;
			buildConfigurations = (
				832593412BC24A2A00C52239 /* Debug */,
				832593422BC24A2A00C52239 /* Release */,
			);
			defaultConfigurationIsVisible = 0;
			defaultConfigurationName = Release;
		};
		832593432BC24A2A00C52239 /* Build configuration list for PBXNativeTarget "alarmUITests" */ = {
			isa = XCConfigurationList;
			buildConfigurations = (
				832593442BC24A2A00C52239 /* Debug */,
				832593452BC24A2A00C52239 /* Release */,
			);
			defaultConfigurationIsVisible = 0;
			defaultConfigurationName = Release;
		};
/* End XCConfigurationList section */
	};
	rootObject = 832593112BC24A2900C52239 /* Project object */;
}
